
Microsoft Visual Studio Solution File, Format Version 12.00
# Visual Studio Version 16
VisualStudioVersion = 25.0.1706.7
MinimumVisualStudioVersion = 10.0.40219.1
Project("{FAE04EC0-301F-11D3-BF4B-00C04F79EFBC}") = "QuizMaker", "QuizMaker\QuizMaker.csproj", "{75C8C00F-3E24-4DF4-A11E-DA8D797ACFBE}"
EndProject
Global
	GlobalSection(SolutionConfigurationPlatforms) = preSolution
		Debug|Any CPU = Debug|Any CPU
		Release|Any CPU = Release|Any CPU
	EndGlobalSection
	GlobalSection(ProjectConfigurationPlatforms) = postSolution
		{75C8C00F-3E24-4DF4-A11E-DA8D797ACFBE}.Debug|Any CPU.ActiveCfg = Debug|Any CPU
		{75C8C00F-3E24-4DF4-A11E-DA8D797ACFBE}.Debug|Any CPU.Build.0 = Debug|Any CPU
		{75C8C00F-3E24-4DF4-A11E-DA8D797ACFBE}.Release|Any CPU.ActiveCfg = Release|Any CPU
		{75C8C00F-3E24-4DF4-A11E-DA8D797ACFBE}.Release|Any CPU.Build.0 = Release|Any CPU
	EndGlobalSection
	GlobalSection(SolutionProperties) = preSolution
		HideSolutionNode = FALSE
	EndGlobalSection
	GlobalSection(ExtensibilityGlobals) = postSolution
		SolutionGuid = {9B9D0EF9-052B-4C59-98A3-CB1A7DF99906}
	EndGlobalSection
EndGlobal
